
Microsoft Visual Studio Solution File, Format Version 12.00
# Visual Studio Version 17
VisualStudioVersion = 17.13.35919.96
MinimumVisualStudioVersion = 10.0.40219.1
Project("{FAE04EC0-301F-11D3-BF4B-00C04F79EFBC}") = "MenShopBlazor", "MenShopBlazor.csproj", "{0E0113F6-51BB-4576-82D0-41EAE4B55267}"
EndProject
Global
	GlobalSection(SolutionConfigurationPlatforms) = preSolution
		Debug|Any CPU = Debug|Any CPU
		Release|Any CPU = Release|Any CPU
	EndGlobalSection
	GlobalSection(ProjectConfigurationPlatforms) = postSolution
		{0E0113F6-51BB-4576-82D0-41EAE4B55267}.Debug|Any CPU.ActiveCfg = Debug|Any CPU
		{0E0113F6-51BB-4576-82D0-41EAE4B55267}.Debug|Any CPU.Build.0 = Debug|Any CPU
		{0E0113F6-51BB-4576-82D0-41EAE4B55267}.Release|Any CPU.ActiveCfg = Release|Any CPU
		{0E0113F6-51BB-4576-82D0-41EAE4B55267}.Release|Any CPU.Build.0 = Release|Any CPU
	EndGlobalSection
	GlobalSection(SolutionProperties) = preSolution
		HideSolutionNode = FALSE
	EndGlobalSection
	GlobalSection(ExtensibilityGlobals) = postSolution
		SolutionGuid = {0BD40FB3-58D5-4602-9D23-F78A65D0D5DF}
	EndGlobalSection
EndGlobal
